
Microsoft Visual Studio Solution File, Format Version 12.00
# Visual Studio Version 17
VisualStudioVersion = 17.7.34031.279
MinimumVisualStudioVersion = 10.0.40219.1
Project("{FAE04EC0-301F-11D3-BF4B-00C04F79EFBC}") = "BackendApp", "BackendApp.csproj", "{59DB0382-EAE5-4DC6-BD97-8EB8ABF9527D}"
EndProject
Project("{FAE04EC0-301F-11D3-BF4B-00C04F79EFBC}") = "AppWebProyect", "..\AppWebProyect\AppWebProyect.csproj", "{C2BB11A7-0FAD-4A51-97D0-24BF4AFE85AF}"
EndProject
Global
	GlobalSection(SolutionConfigurationPlatforms) = preSolution
		Debug|Any CPU = Debug|Any CPU
		Release|Any CPU = Release|Any CPU
	EndGlobalSection
	GlobalSection(ProjectConfigurationPlatforms) = postSolution
		{59DB0382-EAE5-4DC6-BD97-8EB8ABF9527D}.Debug|Any CPU.ActiveCfg = Debug|Any CPU
		{59DB0382-EAE5-4DC6-BD97-8EB8ABF9527D}.Debug|Any CPU.Build.0 = Debug|Any CPU
		{59DB0382-EAE5-4DC6-BD97-8EB8ABF9527D}.Release|Any CPU.ActiveCfg = Release|Any CPU
		{59DB0382-EAE5-4DC6-BD97-8EB8ABF9527D}.Release|Any CPU.Build.0 = Release|Any CPU
		{C2BB11A7-0FAD-4A51-97D0-24BF4AFE85AF}.Debug|Any CPU.ActiveCfg = Debug|Any CPU
		{C2BB11A7-0FAD-4A51-97D0-24BF4AFE85AF}.Debug|Any CPU.Build.0 = Debug|Any CPU
		{C2BB11A7-0FAD-4A51-97D0-24BF4AFE85AF}.Release|Any CPU.ActiveCfg = Release|Any CPU
		{C2BB11A7-0FAD-4A51-97D0-24BF4AFE85AF}.Release|Any CPU.Build.0 = Release|Any CPU
	EndGlobalSection
	GlobalSection(SolutionProperties) = preSolution
		HideSolutionNode = FALSE
	EndGlobalSection
	GlobalSection(ExtensibilityGlobals) = postSolution
		SolutionGuid = {D158470E-AE7E-4BD8-80A2-3523D3299416}
	EndGlobalSection
EndGlobal
